
Microsoft Visual Studio Solution File, Format Version 12.00
# Visual Studio 15
VisualStudioVersion = 15.0.27428.2005
MinimumVisualStudioVersion = 10.0.40219.1
Project("{9A19103F-16F7-4668-BE54-9A1E7A4F7556}") = "QueueSender", "MessageSender\QueueSender.csproj", "{EE54ED67-131E-46A7-9ADE-124535EB3580}"
EndProject
Project("{9A19103F-16F7-4668-BE54-9A1E7A4F7556}") = "QueueReceiver", "MessageReceiver\QueueReceiver.csproj", "{F0AFD476-2104-48DD-B8B8-C4B28E92DBCC}"
EndProject
Project("{FAE04EC0-301F-11D3-BF4B-00C04F79EFBC}") = "TopicSender", "TopicSender\TopicSender.csproj", "{BC806734-18CE-44FA-B2FD-0A277ACFDD3A}"
EndProject
Project("{FAE04EC0-301F-11D3-BF4B-00C04F79EFBC}") = "TopicReceiver", "TopicReceiver\TopicReceiver.csproj", "{656265DB-ED36-4552-B0A3-BE40D4BF6EBA}"
EndProject
Global
	GlobalSection(SolutionConfigurationPlatforms) = preSolution
		Debug|Any CPU = Debug|Any CPU
		Release|Any CPU = Release|Any CPU
	EndGlobalSection
	GlobalSection(ProjectConfigurationPlatforms) = postSolution
		{EE54ED67-131E-46A7-9ADE-124535EB3580}.Debug|Any CPU.ActiveCfg = Debug|Any CPU
		{EE54ED67-131E-46A7-9ADE-124535EB3580}.Debug|Any CPU.Build.0 = Debug|Any CPU
		{EE54ED67-131E-46A7-9ADE-124535EB3580}.Release|Any CPU.ActiveCfg = Release|Any CPU
		{EE54ED67-131E-46A7-9ADE-124535EB3580}.Release|Any CPU.Build.0 = Release|Any CPU
		{F0AFD476-2104-48DD-B8B8-C4B28E92DBCC}.Debug|Any CPU.ActiveCfg = Debug|Any CPU
		{F0AFD476-2104-48DD-B8B8-C4B28E92DBCC}.Debug|Any CPU.Build.0 = Debug|Any CPU
		{F0AFD476-2104-48DD-B8B8-C4B28E92DBCC}.Release|Any CPU.ActiveCfg = Release|Any CPU
		{F0AFD476-2104-48DD-B8B8-C4B28E92DBCC}.Release|Any CPU.Build.0 = Release|Any CPU
		{BC806734-18CE-44FA-B2FD-0A277ACFDD3A}.Debug|Any CPU.ActiveCfg = Debug|Any CPU
		{BC806734-18CE-44FA-B2FD-0A277ACFDD3A}.Debug|Any CPU.Build.0 = Debug|Any CPU
		{BC806734-18CE-44FA-B2FD-0A277ACFDD3A}.Release|Any CPU.ActiveCfg = Release|Any CPU
		{BC806734-18CE-44FA-B2FD-0A277ACFDD3A}.Release|Any CPU.Build.0 = Release|Any CPU
		{656265DB-ED36-4552-B0A3-BE40D4BF6EBA}.Debug|Any CPU.ActiveCfg = Debug|Any CPU
		{656265DB-ED36-4552-B0A3-BE40D4BF6EBA}.Debug|Any CPU.Build.0 = Debug|Any CPU
		{656265DB-ED36-4552-B0A3-BE40D4BF6EBA}.Release|Any CPU.ActiveCfg = Release|Any CPU
		{656265DB-ED36-4552-B0A3-BE40D4BF6EBA}.Release|Any CPU.Build.0 = Release|Any CPU
	EndGlobalSection
	GlobalSection(SolutionProperties) = preSolution
		HideSolutionNode = FALSE
	EndGlobalSection
	GlobalSection(ExtensibilityGlobals) = postSolution
		SolutionGuid = {0F98CC31-CB0C-442A-9DB3-9E3570F8DC2D}
	EndGlobalSection
EndGlobal
